// !$*UTF8*$!
{
	archiveVersion = 1;
	classes = {
	};
	objectVersion = 50;
	objects = {

/* Begin PBXBuildFile section */
		4B287DFC235700A400284DB9 /* Model in Resources */ = {isa = PBXBuildFile; fileRef = 4B287DFB235700A400284DB9 /* Model */; };
		4B287DFE235700F800284DB9 /* View in Resources */ = {isa = PBXBuildFile; fileRef = 4B287DFD235700F800284DB9 /* View */; };
		4B505641234D1932008FB2A8 /* AppDelegate.swift in Sources */ = {isa = PBXBuildFile; fileRef = 4B505640234D1932008FB2A8 /* AppDelegate.swift */; };
		4B505643234D1932008FB2A8 /* SceneDelegate.swift in Sources */ = {isa = PBXBuildFile; fileRef = 4B505642234D1932008FB2A8 /* SceneDelegate.swift */; };
		4B505645234D1932008FB2A8 /* ContentView.swift in Sources */ = {isa = PBXBuildFile; fileRef = 4B505644234D1932008FB2A8 /* ContentView.swift */; };
		4B505647234D1936008FB2A8 /* Assets.xcassets in Resources */ = {isa = PBXBuildFile; fileRef = 4B505646234D1936008FB2A8 /* Assets.xcassets */; };
		4B50564A234D1936008FB2A8 /* Preview Assets.xcassets in Resources */ = {isa = PBXBuildFile; fileRef = 4B505649234D1936008FB2A8 /* Preview Assets.xcassets */; };
		4B50564D234D1936008FB2A8 /* LaunchScreen.storyboard in Resources */ = {isa = PBXBuildFile; fileRef = 4B50564B234D1936008FB2A8 /* LaunchScreen.storyboard */; };
		4B505658234D1937008FB2A8 /* testTests.swift in Sources */ = {isa = PBXBuildFile; fileRef = 4B505657234D1937008FB2A8 /* testTests.swift */; };
		4B505663234D1937008FB2A8 /* testUITests.swift in Sources */ = {isa = PBXBuildFile; fileRef = 4B505662234D1937008FB2A8 /* testUITests.swift */; };
		F5B9528B25345806002AC8B0 /* NetworkService.swift in Sources */ = {isa = PBXBuildFile; fileRef = F5B9528A25345806002AC8B0 /* NetworkService.swift */; };
		F5B95293253458B1002AC8B0 /* Repository.swift in Sources */ = {isa = PBXBuildFile; fileRef = F5B95292253458B1002AC8B0 /* Repository.swift */; };
/* End PBXBuildFile section */

/* Begin PBXContainerItemProxy section */
		4B505654234D1937008FB2A8 /* PBXContainerItemProxy */ = {
			isa = PBXContainerItemProxy;
			containerPortal = 4B505635234D1932008FB2A8 /* Project object */;
			proxyType = 1;
			remoteGlobalIDString = 4B50563C234D1932008FB2A8;
			remoteInfo = test;
		};
		4B50565F234D1937008FB2A8 /* PBXContainerItemProxy */ = {
			isa = PBXContainerItemProxy;
			containerPortal = 4B505635234D1932008FB2A8 /* Project object */;
			proxyType = 1;
			remoteGlobalIDString = 4B50563C234D1932008FB2A8;
			remoteInfo = test;
		};
/* End PBXContainerItemProxy section */

/* Begin PBXFileReference section */
		4B287DFB235700A400284DB9 /* Model */ = {isa = PBXFileReference; lastKnownFileType = folder; path = Model; sourceTree = "<group>"; };
		4B287DFD235700F800284DB9 /* View */ = {isa = PBXFileReference; lastKnownFileType = folder; path = View; sourceTree = "<group>"; };
		4B50563D234D1932008FB2A8 /* test.app */ = {isa = PBXFileReference; explicitFileType = wrapper.application; includeInIndex = 0; path = test.app; sourceTree = BUILT_PRODUCTS_DIR; };
		4B505640234D1932008FB2A8 /* AppDelegate.swift */ = {isa = PBXFileReference; lastKnownFileType = sourcecode.swift; path = AppDelegate.swift; sourceTree = "<group>"; };
		4B505642234D1932008FB2A8 /* SceneDelegate.swift */ = {isa = PBXFileReference; lastKnownFileType = sourcecode.swift; path = SceneDelegate.swift; sourceTree = "<group>"; };
		4B505644234D1932008FB2A8 /* ContentView.swift */ = {isa = PBXFileReference; lastKnownFileType = sourcecode.swift; path = ContentView.swift; sourceTree = "<group>"; };
		4B505646234D1936008FB2A8 /* Assets.xcassets */ = {isa = PBXFileReference; lastKnownFileType = folder.assetcatalog; path = Assets.xcassets; sourceTree = "<group>"; };
		4B505649234D1936008FB2A8 /* Preview Assets.xcassets */ = {isa = PBXFileReference; lastKnownFileType = folder.assetcatalog; path = "Preview Assets.xcassets"; sourceTree = "<group>"; };
		4B50564C234D1936008FB2A8 /* Base */ = {isa = PBXFileReference; lastKnownFileType = file.storyboard; name = Base; path = Base.lproj/LaunchScreen.storyboard; sourceTree = "<group>"; };
		4B50564E234D1936008FB2A8 /* Info.plist */ = {isa = PBXFileReference; lastKnownFileType = text.plist.xml; path = Info.plist; sourceTree = "<group>"; };
		4B505653234D1937008FB2A8 /* testTests.xctest */ = {isa = PBXFileReference; explicitFileType = wrapper.cfbundle; includeInIndex = 0; path = testTests.xctest; sourceTree = BUILT_PRODUCTS_DIR; };
		4B505657234D1937008FB2A8 /* testTests.swift */ = {isa = PBXFileReference; lastKnownFileType = sourcecode.swift; path = testTests.swift; sourceTree = "<group>"; };
		4B505659234D1937008FB2A8 /* Info.plist */ = {isa = PBXFileReference; lastKnownFileType = text.plist.xml; path = Info.plist; sourceTree = "<group>"; };
		4B50565E234D1937008FB2A8 /* testUITests.xctest */ = {isa = PBXFileReference; explicitFileType = wrapper.cfbundle; includeInIndex = 0; path = testUITests.xctest; sourceTree = BUILT_PRODUCTS_DIR; };
		4B505662234D1937008FB2A8 /* testUITests.swift */ = {isa = PBXFileReference; lastKnownFileType = sourcecode.swift; path = testUITests.swift; sourceTree = "<group>"; };
		4B505664234D1937008FB2A8 /* Info.plist */ = {isa = PBXFileReference; lastKnownFileType = text.plist.xml; path = Info.plist; sourceTree = "<group>"; };
		F5B9528A25345806002AC8B0 /* NetworkService.swift */ = {isa = PBXFileReference; lastKnownFileType = sourcecode.swift; path = NetworkService.swift; sourceTree = "<group>"; };
		F5B95292253458B1002AC8B0 /* Repository.swift */ = {isa = PBXFileReference; lastKnownFileType = sourcecode.swift; path = Repository.swift; sourceTree = "<group>"; };
/* End PBXFileReference section */

/* Begin PBXFrameworksBuildPhase section */
		4B50563A234D1932008FB2A8 /* Frameworks */ = {
			isa = PBXFrameworksBuildPhase;
			buildActionMask = 2147483647;
			files = (
			);
			runOnlyForDeploymentPostprocessing = 0;
		};
		4B505650234D1937008FB2A8 /* Frameworks */ = {
			isa = PBXFrameworksBuildPhase;
			buildActionMask = 2147483647;
			files = (
			);
			runOnlyForDeploymentPostprocessing = 0;
		};
		4B50565B234D1937008FB2A8 /* Frameworks */ = {
			isa = PBXFrameworksBuildPhase;
			buildActionMask = 2147483647;
			files = (
			);
			runOnlyForDeploymentPostprocessing = 0;
		};
/* End PBXFrameworksBuildPhase section */

/* Begin PBXGroup section */
		4B505634234D1932008FB2A8 = {
			isa = PBXGroup;
			children = (
				4B50563F234D1932008FB2A8 /* test */,
				4B505656234D1937008FB2A8 /* testTests */,
				4B505661234D1937008FB2A8 /* testUITests */,
				4B50563E234D1932008FB2A8 /* Products */,
			);
			sourceTree = "<group>";
		};
		4B50563E234D1932008FB2A8 /* Products */ = {
			isa = PBXGroup;
			children = (
				4B50563D234D1932008FB2A8 /* test.app */,
				4B505653234D1937008FB2A8 /* testTests.xctest */,
				4B50565E234D1937008FB2A8 /* testUITests.xctest */,
			);
			name = Products;
			sourceTree = "<group>";
		};
		4B50563F234D1932008FB2A8 /* test */ = {
			isa = PBXGroup;
			children = (
				4B505640234D1932008FB2A8 /* AppDelegate.swift */,
				4B505642234D1932008FB2A8 /* SceneDelegate.swift */,
				4B505644234D1932008FB2A8 /* ContentView.swift */,
				4B287DFD235700F800284DB9 /* View */,
				4B505646234D1936008FB2A8 /* Assets.xcassets */,
				4B50564B234D1936008FB2A8 /* LaunchScreen.storyboard */,
				4B287DFB235700A400284DB9 /* Model */,
				4B50564E234D1936008FB2A8 /* Info.plist */,
				4B505648234D1936008FB2A8 /* Preview Content */,
				F5B9528A25345806002AC8B0 /* NetworkService.swift */,
				F5B95292253458B1002AC8B0 /* Repository.swift */,
			);
			path = test;
			sourceTree = "<group>";
		};
		4B505648234D1936008FB2A8 /* Preview Content */ = {
			isa = PBXGroup;
			children = (
				4B505649234D1936008FB2A8 /* Preview Assets.xcassets */,
			);
			path = "Preview Content";
			sourceTree = "<group>";
		};
		4B505656234D1937008FB2A8 /* testTests */ = {
			isa = PBXGroup;
			children = (
				4B505657234D1937008FB2A8 /* testTests.swift */,
				4B505659234D1937008FB2A8 /* Info.plist */,
			);
			path = testTests;
			sourceTree = "<group>";
		};
		4B505661234D1937008FB2A8 /* testUITests */ = {
			isa = PBXGroup;
			children = (
				4B505662234D1937008FB2A8 /* testUITests.swift */,
				4B505664234D1937008FB2A8 /* Info.plist */,
			);
			path = testUITests;
			sourceTree = "<group>";
		};
/* End PBXGroup section */

/* Begin PBXNativeTarget section */
		4B50563C234D1932008FB2A8 /* test */ = {
			isa = PBXNativeTarget;
			buildConfigurationList = 4B505667234D1937008FB2A8 /* Build configuration list for PBXNativeTarget "test" */;
			buildPhases = (
				4B505639234D1932008FB2A8 /* Sources */,
				4B50563A234D1932008FB2A8 /* Frameworks */,
				4B50563B234D1932008FB2A8 /* Resources */,
			);
			buildRules = (
			);
			dependencies = (
			);
			name = test;
			productName = test;
			productReference = 4B50563D234D1932008FB2A8 /* test.app */;
			productType = "com.apple.product-type.application";
		};
		4B505652234D1937008FB2A8 /* testTests */ = {
			isa = PBXNativeTarget;
			buildConfigurationList = 4B50566A234D1937008FB2A8 /* Build configuration list for PBXNativeTarget "testTests" */;
			buildPhases = (
				4B50564F234D1937008FB2A8 /* Sources */,
				4B505650234D1937008FB2A8 /* Frameworks */,
				4B505651234D1937008FB2A8 /* Resources */,
			);
			buildRules = (
			);
			dependencies = (
				4B505655234D1937008FB2A8 /* PBXTargetDependency */,
			);
			name = testTests;
			productName = testTests;
			productReference = 4B505653234D1937008FB2A8 /* testTests.xctest */;
			productType = "com.apple.product-type.bundle.unit-test";
		};
		4B50565D234D1937008FB2A8 /* testUITests */ = {
			isa = PBXNativeTarget;
			buildConfigurationList = 4B50566D234D1937008FB2A8 /* Build configuration list for PBXNativeTarget "testUITests" */;
			buildPhases = (
				4B50565A234D1937008FB2A8 /* Sources */,
				4B50565B234D1937008FB2A8 /* Frameworks */,
				4B50565C234D1937008FB2A8 /* Resources */,
			);
			buildRules = (
			);
			dependencies = (
				4B505660234D1937008FB2A8 /* PBXTargetDependency */,
			);
			name = testUITests;
			productName = testUITests;
			productReference = 4B50565E234D1937008FB2A8 /* testUITests.xctest */;
			productType = "com.apple.product-type.bundle.ui-testing";
		};
/* End PBXNativeTarget section */

/* Begin PBXProject section */
		4B505635234D1932008FB2A8 /* Project object */ = {
			isa = PBXProject;
			attributes = {
				LastSwiftUpdateCheck = 1110;
				LastUpgradeCheck = 1110;
				ORGANIZATIONNAME = "Максим Шалашников";
				TargetAttributes = {
					4B50563C234D1932008FB2A8 = {
						CreatedOnToolsVersion = 11.1;
					};
					4B505652234D1937008FB2A8 = {
						CreatedOnToolsVersion = 11.1;
						TestTargetID = 4B50563C234D1932008FB2A8;
					};
					4B50565D234D1937008FB2A8 = {
						CreatedOnToolsVersion = 11.1;
						TestTargetID = 4B50563C234D1932008FB2A8;
					};
				};
			};
			buildConfigurationList = 4B505638234D1932008FB2A8 /* Build configuration list for PBXProject "test" */;
			compatibilityVersion = "Xcode 9.3";
			developmentRegion = en;
			hasScannedForEncodings = 0;
			knownRegions = (
				en,
				Base,
			);
			mainGroup = 4B505634234D1932008FB2A8;
			productRefGroup = 4B50563E234D1932008FB2A8 /* Products */;
			projectDirPath = "";
			projectRoot = "";
			targets = (
				4B50563C234D1932008FB2A8 /* test */,
				4B505652234D1937008FB2A8 /* testTests */,
				4B50565D234D1937008FB2A8 /* testUITests */,
			);
		};
/* End PBXProject section */

/* Begin PBXResourcesBuildPhase section */
		4B50563B234D1932008FB2A8 /* Resources */ = {
			isa = PBXResourcesBuildPhase;
			buildActionMask = 2147483647;
			files = (
				4B50564D234D1936008FB2A8 /* LaunchScreen.storyboard in Resources */,
				4B50564A234D1936008FB2A8 /* Preview Assets.xcassets in Resources */,
				4B287DFC235700A400284DB9 /* Model in Resources */,
				4B287DFE235700F800284DB9 /* View in Resources */,
				4B505647234D1936008FB2A8 /* Assets.xcassets in Resources */,
			);
			runOnlyForDeploymentPostprocessing = 0;
		};
		4B505651234D1937008FB2A8 /* Resources */ = {
			isa = PBXResourcesBuildPhase;
			buildActionMask = 2147483647;
			files = (
			);
			runOnlyForDeploymentPostprocessing = 0;
		};
		4B50565C234D1937008FB2A8 /* Resources */ = {
			isa = PBXResourcesBuildPhase;
			buildActionMask = 2147483647;
			files = (
			);
			runOnlyForDeploymentPostprocessing = 0;
		};
/* End PBXResourcesBuildPhase section */

/* Begin PBXSourcesBuildPhase section */
		4B505639234D1932008FB2A8 /* Sources */ = {
			isa = PBXSourcesBuildPhase;
			buildActionMask = 2147483647;
			files = (
				4B505641234D1932008FB2A8 /* AppDelegate.swift in Sources */,
				F5B9528B25345806002AC8B0 /* NetworkService.swift in Sources */,
				F5B95293253458B1002AC8B0 /* Repository.swift in Sources */,
				4B505643234D1932008FB2A8 /* SceneDelegate.swift in Sources */,
				4B505645234D1932008FB2A8 /* ContentView.swift in Sources */,
			);
			runOnlyForDeploymentPostprocessing = 0;
		};
		4B50564F234D1937008FB2A8 /* Sources */ = {
			isa = PBXSourcesBuildPhase;
			buildActionMask = 2147483647;
			files = (
				4B505658234D1937008FB2A8 /* testTests.swift in Sources */,
			);
			runOnlyForDeploymentPostprocessing = 0;
		};
		4B50565A234D1937008FB2A8 /* Sources */ = {
			isa = PBXSourcesBuildPhase;
			buildActionMask = 2147483647;
			files = (
				4B505663234D1937008FB2A8 /* testUITests.swift in Sources */,
			);
			runOnlyForDeploymentPostprocessing = 0;
		};
/* End PBXSourcesBuildPhase section */

/* Begin PBXTargetDependency section */
		4B505655234D1937008FB2A8 /* PBXTargetDependency */ = {
			isa = PBXTargetDependency;
			target = 4B50563C234D1932008FB2A8 /* test */;
			targetProxy = 4B505654234D1937008FB2A8 /* PBXContainerItemProxy */;
		};
		4B505660234D1937008FB2A8 /* PBXTargetDependency */ = {
			isa = PBXTargetDependency;
			target = 4B50563C234D1932008FB2A8 /* test */;
			targetProxy = 4B50565F234D1937008FB2A8 /* PBXContainerItemProxy */;
		};
/* End PBXTargetDependency section */

/* Begin PBXVariantGroup section */
		4B50564B234D1936008FB2A8 /* LaunchScreen.storyboard */ = {
			isa = PBXVariantGroup;
			children = (
				4B50564C234D1936008FB2A8 /* Base */,
			);
			name = LaunchScreen.storyboard;
			sourceTree = "<group>";
		};
/* End PBXVariantGroup section */

/* Begin XCBuildConfiguration section */
		4B505665234D1937008FB2A8 /* Debug */ = {
			isa = XCBuildConfiguration;
			buildSettings = {
				ALWAYS_SEARCH_USER_PATHS = NO;
				CLANG_ANALYZER_NONNULL = YES;
				CLANG_ANALYZER_NUMBER_OBJECT_CONVERSION = YES_AGGRESSIVE;
				CLANG_CXX_LANGUAGE_STANDARD = "gnu++14";
				CLANG_CXX_LIBRARY = "libc++";
				CLANG_ENABLE_MODULES = YES;
				CLANG_ENABLE_OBJC_ARC = YES;
				CLANG_ENABLE_OBJC_WEAK = YES;
				CLANG_WARN_BLOCK_CAPTURE_AUTORELEASING = YES;
				CLANG_WARN_BOOL_CONVERSION = YES;
				CLANG_WARN_COMMA = YES;
				CLANG_WARN_CONSTANT_CONVERSION = YES;
				CLANG_WARN_DEPRECATED_OBJC_IMPLEMENTATIONS = YES;
				CLANG_WARN_DIRECT_OBJC_ISA_USAGE = YES_ERROR;
				CLANG_WARN_DOCUMENTATION_COMMENTS = YES;
				CLANG_WARN_EMPTY_BODY = YES;
				CLANG_WARN_ENUM_CONVERSION = YES;
				CLANG_WARN_INFINITE_RECURSION = YES;
				CLANG_WARN_INT_CONVERSION = YES;
				CLANG_WARN_NON_LITERAL_NULL_CONVERSION = YES;
				CLANG_WARN_OBJC_IMPLICIT_RETAIN_SELF = YES;
				CLANG_WARN_OBJC_LITERAL_CONVERSION = YES;
				CLANG_WARN_OBJC_ROOT_CLASS = YES_ERROR;
				CLANG_WARN_RANGE_LOOP_ANALYSIS = YES;
				CLANG_WARN_STRICT_PROTOTYPES = YES;
				CLANG_WARN_SUSPICIOUS_MOVE = YES;
				CLANG_WARN_UNGUARDED_AVAILABILITY = YES_AGGRESSIVE;
				CLANG_WARN_UNREACHABLE_CODE = YES;
				CLANG_WARN__DUPLICATE_METHOD_MATCH = YES;
				COPY_PHASE_STRIP = NO;
				DEBUG_INFORMATION_FORMAT = dwarf;
				ENABLE_STRICT_OBJC_MSGSEND = YES;
				ENABLE_TESTABILITY = YES;
				GCC_C_LANGUAGE_STANDARD = gnu11;
				GCC_DYNAMIC_NO_PIC = NO;
				GCC_NO_COMMON_BLOCKS = YES;
				GCC_OPTIMIZATION_LEVEL = 0;
				GCC_PREPROCESSOR_DEFINITIONS = (
					"DEBUG=1",
					"$(inherited)",
				);
				GCC_WARN_64_TO_32_BIT_CONVERSION = YES;
				GCC_WARN_ABOUT_RETURN_TYPE = YES_ERROR;
				GCC_WARN_UNDECLARED_SELECTOR = YES;
				GCC_WARN_UNINITIALIZED_AUTOS = YES_AGGRESSIVE;
				GCC_WARN_UNUSED_FUNCTION = YES;
				GCC_WARN_UNUSED_VARIABLE = YES;
				IPHONEOS_DEPLOYMENT_TARGET = 13.1;
				MTL_ENABLE_DEBUG_INFO = INCLUDE_SOURCE;
				MTL_FAST_MATH = YES;
				ONLY_ACTIVE_ARCH = YES;
				SDKROOT = iphoneos;
				SWIFT_ACTIVE_COMPILATION_CONDITIONS = DEBUG;
				SWIFT_OPTIMIZATION_LEVEL = "-Onone";
			};
			name = Debug;
		};
		4B505666234D1937008FB2A8 /* Release */ = {
			isa = XCBuildConfiguration;
			buildSettings = {
				ALWAYS_SEARCH_USER_PATHS = NO;
				CLANG_ANALYZER_NONNULL = YES;
				CLANG_ANALYZER_NUMBER_OBJECT_CONVERSION = YES_AGGRESSIVE;
				CLANG_CXX_LANGUAGE_STANDARD = "gnu++14";
				CLANG_CXX_LIBRARY = "libc++";
				CLANG_ENABLE_MODULES = YES;
				CLANG_ENABLE_OBJC_ARC = YES;
				CLANG_ENABLE_OBJC_WEAK = YES;
				CLANG_WARN_BLOCK_CAPTURE_AUTORELEASING = YES;
				CLANG_WARN_BOOL_CONVERSION = YES;
				CLANG_WARN_COMMA = YES;
				CLANG_WARN_CONSTANT_CONVERSION = YES;
				CLANG_WARN_DEPRECATED_OBJC_IMPLEMENTATIONS = YES;
				CLANG_WARN_DIRECT_OBJC_ISA_USAGE = YES_ERROR;
				CLANG_WARN_DOCUMENTATION_COMMENTS = YES;
				CLANG_WARN_EMPTY_BODY = YES;
				CLANG_WARN_ENUM_CONVERSION = YES;
				CLANG_WARN_INFINITE_RECURSION = YES;
				CLANG_WARN_INT_CONVERSION = YES;
				CLANG_WARN_NON_LITERAL_NULL_CONVERSION = YES;
				CLANG_WARN_OBJC_IMPLICIT_RETAIN_SELF = YES;
				CLANG_WARN_OBJC_LITERAL_CONVERSION = YES;
				CLANG_WARN_OBJC_ROOT_CLASS = YES_ERROR;
				CLANG_WARN_RANGE_LOOP_ANALYSIS = YES;
				CLANG_WARN_STRICT_PROTOTYPES = YES;
				CLANG_WARN_SUSPICIOUS_MOVE = YES;
				CLANG_WARN_UNGUARDED_AVAILABILITY = YES_AGGRESSIVE;
				CLANG_WARN_UNREACHABLE_CODE = YES;
				CLANG_WARN__DUPLICATE_METHOD_MATCH = YES;
				COPY_PHASE_STRIP = NO;
				DEBUG_INFORMATION_FORMAT = "dwarf-with-dsym";
				ENABLE_NS_ASSERTIONS = NO;
				ENABLE_STRICT_OBJC_MSGSEND = YES;
				GCC_C_LANGUAGE_STANDARD = gnu11;
				GCC_NO_COMMON_BLOCKS = YES;
				GCC_WARN_64_TO_32_BIT_CONVERSION = YES;
				GCC_WARN_ABOUT_RETURN_TYPE = YES_ERROR;
				GCC_WARN_UNDECLARED_SELECTOR = YES;
				GCC_WARN_UNINITIALIZED_AUTOS = YES_AGGRESSIVE;
				GCC_WARN_UNUSED_FUNCTION = YES;
				GCC_WARN_UNUSED_VARIABLE = YES;
				IPHONEOS_DEPLOYMENT_TARGET = 13.1;
				MTL_ENABLE_DEBUG_INFO = NO;
				MTL_FAST_MATH = YES;
				SDKROOT = iphoneos;
				SWIFT_COMPILATION_MODE = wholemodule;
				SWIFT_OPTIMIZATION_LEVEL = "-O";
				VALIDATE_PRODUCT = YES;
			};
			name = Release;
		};
		4B505668234D1937008FB2A8 /* Debug */ = {
			isa = XCBuildConfiguration;
			buildSettings = {
				ASSETCATALOG_COMPILER_APPICON_NAME = AppIcon;
				CODE_SIGN_STYLE = Automatic;
				DEVELOPMENT_ASSET_PATHS = "\"test/Preview Content\"";
				ENABLE_PREVIEWS = YES;
				INFOPLIST_FILE = test/Info.plist;
				LD_RUNPATH_SEARCH_PATHS = (
					"$(inherited)",
					"@executable_path/Frameworks",
				);
				PRODUCT_BUNDLE_IDENTIFIER = text.test;
				PRODUCT_NAME = "$(TARGET_NAME)";
				SWIFT_VERSION = 5.0;
				TARGETED_DEVICE_FAMILY = "1,2";
			};
			name = Debug;
		};
		4B505669234D1937008FB2A8 /* Release */ = {
			isa = XCBuildConfiguration;
			buildSettings = {
				ASSETCATALOG_COMPILER_APPICON_NAME = AppIcon;
				CODE_SIGN_STYLE = Automatic;
				DEVELOPMENT_ASSET_PATHS = "\"test/Preview Content\"";
				ENABLE_PREVIEWS = YES;
				INFOPLIST_FILE = test/Info.plist;
				LD_RUNPATH_SEARCH_PATHS = (
					"$(inherited)",
					"@executable_path/Frameworks",
				);
				PRODUCT_BUNDLE_IDENTIFIER = text.test;
				PRODUCT_NAME = "$(TARGET_NAME)";
				SWIFT_VERSION = 5.0;
				TARGETED_DEVICE_FAMILY = "1,2";
			};
			name = Release;
		};
		4B50566B234D1937008FB2A8 /* Debug */ = {
			isa = XCBuildConfiguration;
			buildSettings = {
				ALWAYS_EMBED_SWIFT_STANDARD_LIBRARIES = YES;
				BUNDLE_LOADER = "$(TEST_HOST)";
				CODE_SIGN_STYLE = Automatic;
				INFOPLIST_FILE = testTests/Info.plist;
				IPHONEOS_DEPLOYMENT_TARGET = 13.1;
				LD_RUNPATH_SEARCH_PATHS = (
					"$(inherited)",
					"@executable_path/Frameworks",
					"@loader_path/Frameworks",
				);
				PRODUCT_BUNDLE_IDENTIFIER = text.testTests;
				PRODUCT_NAME = "$(TARGET_NAME)";
				SWIFT_VERSION = 5.0;
				TARGETED_DEVICE_FAMILY = "1,2";
				TEST_HOST = "$(BUILT_PRODUCTS_DIR)/test.app/test";
			};
			name = Debug;
		};
		4B50566C234D1937008FB2A8 /* Release */ = {
			isa = XCBuildConfiguration;
			buildSettings = {
				ALWAYS_EMBED_SWIFT_STANDARD_LIBRARIES = YES;
				BUNDLE_LOADER = "$(TEST_HOST)";
				CODE_SIGN_STYLE = Automatic;
				INFOPLIST_FILE = testTests/Info.plist;
				IPHONEOS_DEPLOYMENT_TARGET = 13.1;
				LD_RUNPATH_SEARCH_PATHS = (
					"$(inherited)",
					"@executable_path/Frameworks",
					"@loader_path/Frameworks",
				);
				PRODUCT_BUNDLE_IDENTIFIER = text.testTests;
				PRODUCT_NAME = "$(TARGET_NAME)";
				SWIFT_VERSION = 5.0;
				TARGETED_DEVICE_FAMILY = "1,2";
				TEST_HOST = "$(BUILT_PRODUCTS_DIR)/test.app/test";
			};
			name = Release;
		};
		4B50566E234D1937008FB2A8 /* Debug */ = {
			isa = XCBuildConfiguration;
			buildSettings = {
				ALWAYS_EMBED_SWIFT_STANDARD_LIBRARIES = YES;
				CODE_SIGN_STYLE = Automatic;
				INFOPLIST_FILE = testUITests/Info.plist;
				LD_RUNPATH_SEARCH_PATHS = (
					"$(inherited)",
					"@executable_path/Frameworks",
					"@loader_path/Frameworks",
				);
				PRODUCT_BUNDLE_IDENTIFIER = text.testUITests;
				PRODUCT_NAME = "$(TARGET_NAME)";
				SWIFT_VERSION = 5.0;
				TARGETED_DEVICE_FAMILY = "1,2";
				TEST_TARGET_NAME = test;
			};
			name = Debug;
		};
		4B50566F234D1937008FB2A8 /* Release */ = {
			isa = XCBuildConfiguration;
			buildSettings = {
				ALWAYS_EMBED_SWIFT_STANDARD_LIBRARIES = YES;
				CODE_SIGN_STYLE = Automatic;
				INFOPLIST_FILE = testUITests/Info.plist;
				LD_RUNPATH_SEARCH_PATHS = (
					"$(inherited)",
					"@executable_path/Frameworks",
					"@loader_path/Frameworks",
				);
				PRODUCT_BUNDLE_IDENTIFIER = text.testUITests;
				PRODUCT_NAME = "$(TARGET_NAME)";
				SWIFT_VERSION = 5.0;
				TARGETED_DEVICE_FAMILY = "1,2";
				TEST_TARGET_NAME = test;
			};
			name = Release;
		};
/* End XCBuildConfiguration section */

/* Begin XCConfigurationList section */
		4B505638234D1932008FB2A8 /* Build configuration list for PBXProject "test" */ = {
			isa = XCConfigurationList;
			buildConfigurations = (
				4B505665234D1937008FB2A8 /* Debug */,
				4B505666234D1937008FB2A8 /* Release */,
			);
			defaultConfigurationIsVisible = 0;
			defaultConfigurationName = Release;
		};
		4B505667234D1937008FB2A8 /* Build configuration list for PBXNativeTarget "test" */ = {
			isa = XCConfigurationList;
			buildConfigurations = (
				4B505668234D1937008FB2A8 /* Debug */,
				4B505669234D1937008FB2A8 /* Release */,
			);
			defaultConfigurationIsVisible = 0;
			defaultConfigurationName = Release;
		};
		4B50566A234D1937008FB2A8 /* Build configuration list for PBXNativeTarget "testTests" */ = {
			isa = XCConfigurationList;
			buildConfigurations = (
				4B50566B234D1937008FB2A8 /* Debug */,
				4B50566C234D1937008FB2A8 /* Release */,
			);
			defaultConfigurationIsVisible = 0;
			defaultConfigurationName = Release;
		};
		4B50566D234D1937008FB2A8 /* Build configuration list for PBXNativeTarget "testUITests" */ = {
			isa = XCConfigurationList;
			buildConfigurations = (
				4B50566E234D1937008FB2A8 /* Debug */,
				4B50566F234D1937008FB2A8 /* Release */,
			);
			defaultConfigurationIsVisible = 0;
			defaultConfigurationName = Release;
		};
/* End XCConfigurationList section */
	};
	rootObject = 4B505635234D1932008FB2A8 /* Project object */;
}
